
Microsoft Visual Studio Solution File, Format Version 12.00
# Visual Studio Version 16
VisualStudioVersion = 16.0.29911.84
MinimumVisualStudioVersion = 10.0.40219.1
Project("{9A19103F-16F7-4668-BE54-9A1E7A4F7556}") = "SemanticWeb", "SemanticWeb.csproj", "{FEB2045A-930B-43BE-BFF7-237BB0092072}"
EndProject
Global
	GlobalSection(SolutionConfigurationPlatforms) = preSolution
		Debug|Any CPU = Debug|Any CPU
		Release|Any CPU = Release|Any CPU
	EndGlobalSection
	GlobalSection(ProjectConfigurationPlatforms) = postSolution
		{FEB2045A-930B-43BE-BFF7-237BB0092072}.Debug|Any CPU.ActiveCfg = Debug|Any CPU
		{FEB2045A-930B-43BE-BFF7-237BB0092072}.Debug|Any CPU.Build.0 = Debug|Any CPU
		{FEB2045A-930B-43BE-BFF7-237BB0092072}.Release|Any CPU.ActiveCfg = Release|Any CPU
		{FEB2045A-930B-43BE-BFF7-237BB0092072}.Release|Any CPU.Build.0 = Release|Any CPU
	EndGlobalSection
	GlobalSection(SolutionProperties) = preSolution
		HideSolutionNode = FALSE
	EndGlobalSection
	GlobalSection(ExtensibilityGlobals) = postSolution
		SolutionGuid = {D313D899-BC7E-4F80-85D8-9519684CE716}
	EndGlobalSection
EndGlobal
